
Microsoft Visual Studio Solution File, Format Version 12.00
# Visual Studio Version 17
VisualStudioVersion = 17.3.32929.385
MinimumVisualStudioVersion = 10.0.40219.1
Project("{FAE04EC0-301F-11D3-BF4B-00C04F79EFBC}") = "Calculator", "Calculator\Calculator.csproj", "{30620BD7-26BD-4CE0-A409-6878458CCCB4}"
EndProject
Project("{FAE04EC0-301F-11D3-BF4B-00C04F79EFBC}") = "Calculator_Test", "Calculator_Test\Calculator_Test.csproj", "{345D2C52-5CAC-4630-91DC-5F9AEBF80DB9}"
EndProject
Global
	GlobalSection(SolutionConfigurationPlatforms) = preSolution
		Debug|Any CPU = Debug|Any CPU
		Release|Any CPU = Release|Any CPU
	EndGlobalSection
	GlobalSection(ProjectConfigurationPlatforms) = postSolution
		{30620BD7-26BD-4CE0-A409-6878458CCCB4}.Debug|Any CPU.ActiveCfg = Debug|Any CPU
		{30620BD7-26BD-4CE0-A409-6878458CCCB4}.Debug|Any CPU.Build.0 = Debug|Any CPU
		{30620BD7-26BD-4CE0-A409-6878458CCCB4}.Release|Any CPU.ActiveCfg = Release|Any CPU
		{30620BD7-26BD-4CE0-A409-6878458CCCB4}.Release|Any CPU.Build.0 = Release|Any CPU
		{345D2C52-5CAC-4630-91DC-5F9AEBF80DB9}.Debug|Any CPU.ActiveCfg = Debug|Any CPU
		{345D2C52-5CAC-4630-91DC-5F9AEBF80DB9}.Debug|Any CPU.Build.0 = Debug|Any CPU
		{345D2C52-5CAC-4630-91DC-5F9AEBF80DB9}.Release|Any CPU.ActiveCfg = Release|Any CPU
		{345D2C52-5CAC-4630-91DC-5F9AEBF80DB9}.Release|Any CPU.Build.0 = Release|Any CPU
	EndGlobalSection
	GlobalSection(SolutionProperties) = preSolution
		HideSolutionNode = FALSE
	EndGlobalSection
	GlobalSection(ExtensibilityGlobals) = postSolution
		SolutionGuid = {9543B665-4671-4498-BC73-568B68027E1D}
	EndGlobalSection
EndGlobal
